
Microsoft Visual Studio Solution File, Format Version 12.00
# Visual Studio 14
VisualStudioVersion = 14.0.23107.0
MinimumVisualStudioVersion = 10.0.40219.1
Project("{FAE04EC0-301F-11D3-BF4B-00C04F79EFBC}") = "Euler35", "Euler35\Euler35.csproj", "{0E74140E-348E-436C-AC5D-B17AFE5295C6}"
EndProject
Project("{FAE04EC0-301F-11D3-BF4B-00C04F79EFBC}") = "Euler35Tests", "Euler35Tests\Euler35Tests.csproj", "{FCAF7F06-AF61-465F-9B1A-5483ABFD4951}"
EndProject
Global
	GlobalSection(SolutionConfigurationPlatforms) = preSolution
		Debug|Any CPU = Debug|Any CPU
		Release|Any CPU = Release|Any CPU
	EndGlobalSection
	GlobalSection(ProjectConfigurationPlatforms) = postSolution
		{0E74140E-348E-436C-AC5D-B17AFE5295C6}.Debug|Any CPU.ActiveCfg = Debug|Any CPU
		{0E74140E-348E-436C-AC5D-B17AFE5295C6}.Debug|Any CPU.Build.0 = Debug|Any CPU
		{0E74140E-348E-436C-AC5D-B17AFE5295C6}.Release|Any CPU.ActiveCfg = Release|Any CPU
		{0E74140E-348E-436C-AC5D-B17AFE5295C6}.Release|Any CPU.Build.0 = Release|Any CPU
		{FCAF7F06-AF61-465F-9B1A-5483ABFD4951}.Debug|Any CPU.ActiveCfg = Debug|Any CPU
		{FCAF7F06-AF61-465F-9B1A-5483ABFD4951}.Debug|Any CPU.Build.0 = Debug|Any CPU
		{FCAF7F06-AF61-465F-9B1A-5483ABFD4951}.Release|Any CPU.ActiveCfg = Release|Any CPU
		{FCAF7F06-AF61-465F-9B1A-5483ABFD4951}.Release|Any CPU.Build.0 = Release|Any CPU
	EndGlobalSection
	GlobalSection(SolutionProperties) = preSolution
		HideSolutionNode = FALSE
	EndGlobalSection
EndGlobal
